// !$*UTF8*$!
{
	archiveVersion = 1;
	classes = {
	};
	objectVersion = 50;
	objects = {

/* Begin PBXBuildFile section */
		CED9662225434EF600656009 /* AppDelegate.swift in Sources */ = {isa = PBXBuildFile; fileRef = CED9662125434EF600656009 /* AppDelegate.swift */; };
		CED9662425434EF600656009 /* SceneDelegate.swift in Sources */ = {isa = PBXBuildFile; fileRef = CED9662325434EF600656009 /* SceneDelegate.swift */; };
		CED9662625434EF600656009 /* LoginViewController.swift in Sources */ = {isa = PBXBuildFile; fileRef = CED9662525434EF600656009 /* LoginViewController.swift */; };
		CED9662925434EF600656009 /* Main.storyboard in Resources */ = {isa = PBXBuildFile; fileRef = CED9662725434EF600656009 /* Main.storyboard */; };
		CED9662B25434EF700656009 /* Assets.xcassets in Resources */ = {isa = PBXBuildFile; fileRef = CED9662A25434EF700656009 /* Assets.xcassets */; };
		CED9662E25434EF700656009 /* LaunchScreen.storyboard in Resources */ = {isa = PBXBuildFile; fileRef = CED9662C25434EF700656009 /* LaunchScreen.storyboard */; };
		CED9663B2543550100656009 /* User.swift in Sources */ = {isa = PBXBuildFile; fileRef = CED9663A2543550100656009 /* User.swift */; };
		CED9663E2543614900656009 /* WelcomeViewController.swift in Sources */ = {isa = PBXBuildFile; fileRef = CED9663D2543614900656009 /* WelcomeViewController.swift */; };
		CED96640254411C000656009 /* ViewController + Extension.swift in Sources */ = {isa = PBXBuildFile; fileRef = CED9663F254411C000656009 /* ViewController + Extension.swift */; };
		CED9664225449E9700656009 /* GalleryViewController.swift in Sources */ = {isa = PBXBuildFile; fileRef = CED9664125449E9700656009 /* GalleryViewController.swift */; };
		CED966442544A71200656009 /* GalleryCollectionViewCell.swift in Sources */ = {isa = PBXBuildFile; fileRef = CED966432544A71200656009 /* GalleryCollectionViewCell.swift */; };
		CED9664625458E2000656009 /* PhotoViewController.swift in Sources */ = {isa = PBXBuildFile; fileRef = CED9664525458E2000656009 /* PhotoViewController.swift */; };
/* End PBXBuildFile section */

/* Begin PBXFileReference section */
		CED9661E25434EF600656009 /* AboutMe.app */ = {isa = PBXFileReference; explicitFileType = wrapper.application; includeInIndex = 0; path = AboutMe.app; sourceTree = BUILT_PRODUCTS_DIR; };
		CED9662125434EF600656009 /* AppDelegate.swift */ = {isa = PBXFileReference; lastKnownFileType = sourcecode.swift; path = AppDelegate.swift; sourceTree = "<group>"; };
		CED9662325434EF600656009 /* SceneDelegate.swift */ = {isa = PBXFileReference; lastKnownFileType = sourcecode.swift; path = SceneDelegate.swift; sourceTree = "<group>"; };
		CED9662525434EF600656009 /* LoginViewController.swift */ = {isa = PBXFileReference; lastKnownFileType = sourcecode.swift; path = LoginViewController.swift; sourceTree = "<group>"; };
		CED9662825434EF600656009 /* Base */ = {isa = PBXFileReference; lastKnownFileType = file.storyboard; name = Base; path = Base.lproj/Main.storyboard; sourceTree = "<group>"; };
		CED9662A25434EF700656009 /* Assets.xcassets */ = {isa = PBXFileReference; lastKnownFileType = folder.assetcatalog; path = Assets.xcassets; sourceTree = "<group>"; };
		CED9662D25434EF700656009 /* Base */ = {isa = PBXFileReference; lastKnownFileType = file.storyboard; name = Base; path = Base.lproj/LaunchScreen.storyboard; sourceTree = "<group>"; };
		CED9662F25434EF700656009 /* Info.plist */ = {isa = PBXFileReference; lastKnownFileType = text.plist.xml; path = Info.plist; sourceTree = "<group>"; };
		CED9663A2543550100656009 /* User.swift */ = {isa = PBXFileReference; lastKnownFileType = sourcecode.swift; path = User.swift; sourceTree = "<group>"; };
		CED9663D2543614900656009 /* WelcomeViewController.swift */ = {isa = PBXFileReference; lastKnownFileType = sourcecode.swift; path = WelcomeViewController.swift; sourceTree = "<group>"; };
		CED9663F254411C000656009 /* ViewController + Extension.swift */ = {isa = PBXFileReference; lastKnownFileType = sourcecode.swift; path = "ViewController + Extension.swift"; sourceTree = "<group>"; };
		CED9664125449E9700656009 /* GalleryViewController.swift */ = {isa = PBXFileReference; lastKnownFileType = sourcecode.swift; path = GalleryViewController.swift; sourceTree = "<group>"; };
		CED966432544A71200656009 /* GalleryCollectionViewCell.swift */ = {isa = PBXFileReference; lastKnownFileType = sourcecode.swift; path = GalleryCollectionViewCell.swift; sourceTree = "<group>"; };
		CED9664525458E2000656009 /* PhotoViewController.swift */ = {isa = PBXFileReference; lastKnownFileType = sourcecode.swift; path = PhotoViewController.swift; sourceTree = "<group>"; };
/* End PBXFileReference section */

/* Begin PBXFrameworksBuildPhase section */
		CED9661B25434EF600656009 /* Frameworks */ = {
			isa = PBXFrameworksBuildPhase;
			buildActionMask = 2147483647;
			files = (
			);
			runOnlyForDeploymentPostprocessing = 0;
		};
/* End PBXFrameworksBuildPhase section */

/* Begin PBXGroup section */
		CED9661525434EF600656009 = {
			isa = PBXGroup;
			children = (
				CED9662025434EF600656009 /* AboutMe */,
				CED9661F25434EF600656009 /* Products */,
			);
			sourceTree = "<group>";
		};
		CED9661F25434EF600656009 /* Products */ = {
			isa = PBXGroup;
			children = (
				CED9661E25434EF600656009 /* AboutMe.app */,
			);
			name = Products;
			sourceTree = "<group>";
		};
		CED9662025434EF600656009 /* AboutMe */ = {
			isa = PBXGroup;
			children = (
				CED966372543544A00656009 /* View Controllers */,
				CED96639254354A200656009 /* Models */,
				CED966362543542B00656009 /* Storyboards */,
				CED96635254353F200656009 /* Supporting Files */,
				CED966382543546000656009 /* Resources */,
			);
			path = AboutMe;
			sourceTree = "<group>";
		};
		CED96635254353F200656009 /* Supporting Files */ = {
			isa = PBXGroup;
			children = (
				CED9662125434EF600656009 /* AppDelegate.swift */,
				CED9662325434EF600656009 /* SceneDelegate.swift */,
				CED966432544A71200656009 /* GalleryCollectionViewCell.swift */,
				CED9663F254411C000656009 /* ViewController + Extension.swift */,
				CED9662F25434EF700656009 /* Info.plist */,
			);
			path = "Supporting Files";
			sourceTree = "<group>";
		};
		CED966362543542B00656009 /* Storyboards */ = {
			isa = PBXGroup;
			children = (
				CED9662725434EF600656009 /* Main.storyboard */,
				CED9662C25434EF700656009 /* LaunchScreen.storyboard */,
			);
			path = Storyboards;
			sourceTree = "<group>";
		};
		CED966372543544A00656009 /* View Controllers */ = {
			isa = PBXGroup;
			children = (
				CED9662525434EF600656009 /* LoginViewController.swift */,
				CED9663D2543614900656009 /* WelcomeViewController.swift */,
				CED9664125449E9700656009 /* GalleryViewController.swift */,
				CED9664525458E2000656009 /* PhotoViewController.swift */,
			);
			path = "View Controllers";
			sourceTree = "<group>";
		};
		CED966382543546000656009 /* Resources */ = {
			isa = PBXGroup;
			children = (
				CED9662A25434EF700656009 /* Assets.xcassets */,
			);
			path = Resources;
			sourceTree = "<group>";
		};
		CED96639254354A200656009 /* Models */ = {
			isa = PBXGroup;
			children = (
				CED9663A2543550100656009 /* User.swift */,
			);
			path = Models;
			sourceTree = "<group>";
		};
/* End PBXGroup section */

/* Begin PBXNativeTarget section */
		CED9661D25434EF600656009 /* AboutMe */ = {
			isa = PBXNativeTarget;
			buildConfigurationList = CED9663225434EF700656009 /* Build configuration list for PBXNativeTarget "AboutMe" */;
			buildPhases = (
				CED9661A25434EF600656009 /* Sources */,
				CED9661B25434EF600656009 /* Frameworks */,
				CED9661C25434EF600656009 /* Resources */,
			);
			buildRules = (
			);
			dependencies = (
			);
			name = AboutMe;
			productName = AboutMe;
			productReference = CED9661E25434EF600656009 /* AboutMe.app */;
			productType = "com.apple.product-type.application";
		};
/* End PBXNativeTarget section */

/* Begin PBXProject section */
		CED9661625434EF600656009 /* Project object */ = {
			isa = PBXProject;
			attributes = {
				LastSwiftUpdateCheck = 1170;
				LastUpgradeCheck = 1170;
				ORGANIZATIONNAME = Evgeny;
				TargetAttributes = {
					CED9661D25434EF600656009 = {
						CreatedOnToolsVersion = 11.7;
					};
				};
			};
			buildConfigurationList = CED9661925434EF600656009 /* Build configuration list for PBXProject "AboutMe" */;
			compatibilityVersion = "Xcode 9.3";
			developmentRegion = en;
			hasScannedForEncodings = 0;
			knownRegions = (
				en,
				Base,
			);
			mainGroup = CED9661525434EF600656009;
			productRefGroup = CED9661F25434EF600656009 /* Products */;
			projectDirPath = "";
			projectRoot = "";
			targets = (
				CED9661D25434EF600656009 /* AboutMe */,
			);
		};
/* End PBXProject section */

/* Begin PBXResourcesBuildPhase section */
		CED9661C25434EF600656009 /* Resources */ = {
			isa = PBXResourcesBuildPhase;
			buildActionMask = 2147483647;
			files = (
				CED9662E25434EF700656009 /* LaunchScreen.storyboard in Resources */,
				CED9662B25434EF700656009 /* Assets.xcassets in Resources */,
				CED9662925434EF600656009 /* Main.storyboard in Resources */,
			);
			runOnlyForDeploymentPostprocessing = 0;
		};
/* End PBXResourcesBuildPhase section */

/* Begin PBXSourcesBuildPhase section */
		CED9661A25434EF600656009 /* Sources */ = {
			isa = PBXSourcesBuildPhase;
			buildActionMask = 2147483647;
			files = (
				CED96640254411C000656009 /* ViewController + Extension.swift in Sources */,
				CED966442544A71200656009 /* GalleryCollectionViewCell.swift in Sources */,
				CED9664225449E9700656009 /* GalleryViewController.swift in Sources */,
				CED9663E2543614900656009 /* WelcomeViewController.swift in Sources */,
				CED9663B2543550100656009 /* User.swift in Sources */,
				CED9664625458E2000656009 /* PhotoViewController.swift in Sources */,
				CED9662625434EF600656009 /* LoginViewController.swift in Sources */,
				CED9662225434EF600656009 /* AppDelegate.swift in Sources */,
				CED9662425434EF600656009 /* SceneDelegate.swift in Sources */,
			);
			runOnlyForDeploymentPostprocessing = 0;
		};
/* End PBXSourcesBuildPhase section */

/* Begin PBXVariantGroup section */
		CED9662725434EF600656009 /* Main.storyboard */ = {
			isa = PBXVariantGroup;
			children = (
				CED9662825434EF600656009 /* Base */,
			);
			name = Main.storyboard;
			sourceTree = "<group>";
		};
		CED9662C25434EF700656009 /* LaunchScreen.storyboard */ = {
			isa = PBXVariantGroup;
			children = (
				CED9662D25434EF700656009 /* Base */,
			);
			name = LaunchScreen.storyboard;
			sourceTree = "<group>";
		};
/* End PBXVariantGroup section */

/* Begin XCBuildConfiguration section */
		CED9663025434EF700656009 /* Debug */ = {
			isa = XCBuildConfiguration;
			buildSettings = {
				ALWAYS_SEARCH_USER_PATHS = NO;
				CLANG_ANALYZER_NONNULL = YES;
				CLANG_ANALYZER_NUMBER_OBJECT_CONVERSION = YES_AGGRESSIVE;
				CLANG_CXX_LANGUAGE_STANDARD = "gnu++14";
				CLANG_CXX_LIBRARY = "libc++";
				CLANG_ENABLE_MODULES = YES;
				CLANG_ENABLE_OBJC_ARC = YES;
				CLANG_ENABLE_OBJC_WEAK = YES;
				CLANG_WARN_BLOCK_CAPTURE_AUTORELEASING = YES;
				CLANG_WARN_BOOL_CONVERSION = YES;
				CLANG_WARN_COMMA = YES;
				CLANG_WARN_CONSTANT_CONVERSION = YES;
				CLANG_WARN_DEPRECATED_OBJC_IMPLEMENTATIONS = YES;
				CLANG_WARN_DIRECT_OBJC_ISA_USAGE = YES_ERROR;
				CLANG_WARN_DOCUMENTATION_COMMENTS = YES;
				CLANG_WARN_EMPTY_BODY = YES;
				CLANG_WARN_ENUM_CONVERSION = YES;
				CLANG_WARN_INFINITE_RECURSION = YES;
				CLANG_WARN_INT_CONVERSION = YES;
				CLANG_WARN_NON_LITERAL_NULL_CONVERSION = YES;
				CLANG_WARN_OBJC_IMPLICIT_RETAIN_SELF = YES;
				CLANG_WARN_OBJC_LITERAL_CONVERSION = YES;
				CLANG_WARN_OBJC_ROOT_CLASS = YES_ERROR;
				CLANG_WARN_RANGE_LOOP_ANALYSIS = YES;
				CLANG_WARN_STRICT_PROTOTYPES = YES;
				CLANG_WARN_SUSPICIOUS_MOVE = YES;
				CLANG_WARN_UNGUARDED_AVAILABILITY = YES_AGGRESSIVE;
				CLANG_WARN_UNREACHABLE_CODE = YES;
				CLANG_WARN__DUPLICATE_METHOD_MATCH = YES;
				COPY_PHASE_STRIP = NO;
				DEBUG_INFORMATION_FORMAT = dwarf;
				ENABLE_STRICT_OBJC_MSGSEND = YES;
				ENABLE_TESTABILITY = YES;
				GCC_C_LANGUAGE_STANDARD = gnu11;
				GCC_DYNAMIC_NO_PIC = NO;
				GCC_NO_COMMON_BLOCKS = YES;
				GCC_OPTIMIZATION_LEVEL = 0;
				GCC_PREPROCESSOR_DEFINITIONS = (
					"DEBUG=1",
					"$(inherited)",
				);
				GCC_WARN_64_TO_32_BIT_CONVERSION = YES;
				GCC_WARN_ABOUT_RETURN_TYPE = YES_ERROR;
				GCC_WARN_UNDECLARED_SELECTOR = YES;
				GCC_WARN_UNINITIALIZED_AUTOS = YES_AGGRESSIVE;
				GCC_WARN_UNUSED_FUNCTION = YES;
				GCC_WARN_UNUSED_VARIABLE = YES;
				IPHONEOS_DEPLOYMENT_TARGET = 13.7;
				MTL_ENABLE_DEBUG_INFO = INCLUDE_SOURCE;
				MTL_FAST_MATH = YES;
				ONLY_ACTIVE_ARCH = YES;
				SDKROOT = iphoneos;
				SWIFT_ACTIVE_COMPILATION_CONDITIONS = DEBUG;
				SWIFT_OPTIMIZATION_LEVEL = "-Onone";
			};
			name = Debug;
		};
		CED9663125434EF700656009 /* Release */ = {
			isa = XCBuildConfiguration;
			buildSettings = {
				ALWAYS_SEARCH_USER_PATHS = NO;
				CLANG_ANALYZER_NONNULL = YES;
				CLANG_ANALYZER_NUMBER_OBJECT_CONVERSION = YES_AGGRESSIVE;
				CLANG_CXX_LANGUAGE_STANDARD = "gnu++14";
				CLANG_CXX_LIBRARY = "libc++";
				CLANG_ENABLE_MODULES = YES;
				CLANG_ENABLE_OBJC_ARC = YES;
				CLANG_ENABLE_OBJC_WEAK = YES;
				CLANG_WARN_BLOCK_CAPTURE_AUTORELEASING = YES;
				CLANG_WARN_BOOL_CONVERSION = YES;
				CLANG_WARN_COMMA = YES;
				CLANG_WARN_CONSTANT_CONVERSION = YES;
				CLANG_WARN_DEPRECATED_OBJC_IMPLEMENTATIONS = YES;
				CLANG_WARN_DIRECT_OBJC_ISA_USAGE = YES_ERROR;
				CLANG_WARN_DOCUMENTATION_COMMENTS = YES;
				CLANG_WARN_EMPTY_BODY = YES;
				CLANG_WARN_ENUM_CONVERSION = YES;
				CLANG_WARN_INFINITE_RECURSION = YES;
				CLANG_WARN_INT_CONVERSION = YES;
				CLANG_WARN_NON_LITERAL_NULL_CONVERSION = YES;
				CLANG_WARN_OBJC_IMPLICIT_RETAIN_SELF = YES;
				CLANG_WARN_OBJC_LITERAL_CONVERSION = YES;
				CLANG_WARN_OBJC_ROOT_CLASS = YES_ERROR;
				CLANG_WARN_RANGE_LOOP_ANALYSIS = YES;
				CLANG_WARN_STRICT_PROTOTYPES = YES;
				CLANG_WARN_SUSPICIOUS_MOVE = YES;
				CLANG_WARN_UNGUARDED_AVAILABILITY = YES_AGGRESSIVE;
				CLANG_WARN_UNREACHABLE_CODE = YES;
				CLANG_WARN__DUPLICATE_METHOD_MATCH = YES;
				COPY_PHASE_STRIP = NO;
				DEBUG_INFORMATION_FORMAT = "dwarf-with-dsym";
				ENABLE_NS_ASSERTIONS = NO;
				ENABLE_STRICT_OBJC_MSGSEND = YES;
				GCC_C_LANGUAGE_STANDARD = gnu11;
				GCC_NO_COMMON_BLOCKS = YES;
				GCC_WARN_64_TO_32_BIT_CONVERSION = YES;
				GCC_WARN_ABOUT_RETURN_TYPE = YES_ERROR;
				GCC_WARN_UNDECLARED_SELECTOR = YES;
				GCC_WARN_UNINITIALIZED_AUTOS = YES_AGGRESSIVE;
				GCC_WARN_UNUSED_FUNCTION = YES;
				GCC_WARN_UNUSED_VARIABLE = YES;
				IPHONEOS_DEPLOYMENT_TARGET = 13.7;
				MTL_ENABLE_DEBUG_INFO = NO;
				MTL_FAST_MATH = YES;
				SDKROOT = iphoneos;
				SWIFT_COMPILATION_MODE = wholemodule;
				SWIFT_OPTIMIZATION_LEVEL = "-O";
				VALIDATE_PRODUCT = YES;
			};
			name = Release;
		};
		CED9663325434EF700656009 /* Debug */ = {
			isa = XCBuildConfiguration;
			buildSettings = {
				ASSETCATALOG_COMPILER_APPICON_NAME = AppIcon;
				CODE_SIGN_STYLE = Automatic;
				INFOPLIST_FILE = "AboutMe/Supporting Files/Info.plist";
				LD_RUNPATH_SEARCH_PATHS = (
					"$(inherited)",
					"@executable_path/Frameworks",
				);
				PRODUCT_BUNDLE_IDENTIFIER = ru.Evgeny.AboutMe;
				PRODUCT_NAME = "$(TARGET_NAME)";
				SWIFT_VERSION = 5.0;
				TARGETED_DEVICE_FAMILY = 1;
			};
			name = Debug;
		};
		CED9663425434EF700656009 /* Release */ = {
			isa = XCBuildConfiguration;
			buildSettings = {
				ASSETCATALOG_COMPILER_APPICON_NAME = AppIcon;
				CODE_SIGN_STYLE = Automatic;
				INFOPLIST_FILE = "AboutMe/Supporting Files/Info.plist";
				LD_RUNPATH_SEARCH_PATHS = (
					"$(inherited)",
					"@executable_path/Frameworks",
				);
				PRODUCT_BUNDLE_IDENTIFIER = ru.Evgeny.AboutMe;
				PRODUCT_NAME = "$(TARGET_NAME)";
				SWIFT_VERSION = 5.0;
				TARGETED_DEVICE_FAMILY = 1;
			};
			name = Release;
		};
/* End XCBuildConfiguration section */

/* Begin XCConfigurationList section */
		CED9661925434EF600656009 /* Build configuration list for PBXProject "AboutMe" */ = {
			isa = XCConfigurationList;
			buildConfigurations = (
				CED9663025434EF700656009 /* Debug */,
				CED9663125434EF700656009 /* Release */,
			);
			defaultConfigurationIsVisible = 0;
			defaultConfigurationName = Release;
		};
		CED9663225434EF700656009 /* Build configuration list for PBXNativeTarget "AboutMe" */ = {
			isa = XCConfigurationList;
			buildConfigurations = (
				CED9663325434EF700656009 /* Debug */,
				CED9663425434EF700656009 /* Release */,
			);
			defaultConfigurationIsVisible = 0;
			defaultConfigurationName = Release;
		};
/* End XCConfigurationList section */
	};
	rootObject = CED9661625434EF600656009 /* Project object */;
}
